// !$*UTF8*$!
{
	archiveVersion = 1;
	classes = {
	};
	objectVersion = 55;
	objects = {

/* Begin PBXBuildFile section */
		EC78E00F2822DF1F00991AAE /* AppDelegate.swift in Sources */ = {isa = PBXBuildFile; fileRef = EC78E00E2822DF1F00991AAE /* AppDelegate.swift */; };
		EC78E0112822DF1F00991AAE /* SceneDelegate.swift in Sources */ = {isa = PBXBuildFile; fileRef = EC78E0102822DF1F00991AAE /* SceneDelegate.swift */; };
		EC78E0132822DF1F00991AAE /* ViewController.swift in Sources */ = {isa = PBXBuildFile; fileRef = EC78E0122822DF1F00991AAE /* ViewController.swift */; };
		EC78E0162822DF1F00991AAE /* Main.storyboard in Resources */ = {isa = PBXBuildFile; fileRef = EC78E0142822DF1F00991AAE /* Main.storyboard */; };
		EC78E0182822DF2000991AAE /* Assets.xcassets in Resources */ = {isa = PBXBuildFile; fileRef = EC78E0172822DF2000991AAE /* Assets.xcassets */; };
		EC78E01B2822DF2000991AAE /* LaunchScreen.storyboard in Resources */ = {isa = PBXBuildFile; fileRef = EC78E0192822DF2000991AAE /* LaunchScreen.storyboard */; };
		EC78E0252822E85000991AAE /* CollectionViewData.swift in Sources */ = {isa = PBXBuildFile; fileRef = EC78E0242822E85000991AAE /* CollectionViewData.swift */; };
		EC78E0272822ECA500991AAE /* CollectionViewCell.swift in Sources */ = {isa = PBXBuildFile; fileRef = EC78E0262822ECA500991AAE /* CollectionViewCell.swift */; };
		EC78E0292822ECB800991AAE /* TableViewCell.swift in Sources */ = {isa = PBXBuildFile; fileRef = EC78E0282822ECB800991AAE /* TableViewCell.swift */; };
		EC78E02C28232F7600991AAE /* TableViewData.swift in Sources */ = {isa = PBXBuildFile; fileRef = EC78E02B28232F7600991AAE /* TableViewData.swift */; };
/* End PBXBuildFile section */

/* Begin PBXFileReference section */
		EC78E00B2822DF1F00991AAE /* CicekSepeti.app */ = {isa = PBXFileReference; explicitFileType = wrapper.application; includeInIndex = 0; path = CicekSepeti.app; sourceTree = BUILT_PRODUCTS_DIR; };
		EC78E00E2822DF1F00991AAE /* AppDelegate.swift */ = {isa = PBXFileReference; lastKnownFileType = sourcecode.swift; path = AppDelegate.swift; sourceTree = "<group>"; };
		EC78E0102822DF1F00991AAE /* SceneDelegate.swift */ = {isa = PBXFileReference; lastKnownFileType = sourcecode.swift; path = SceneDelegate.swift; sourceTree = "<group>"; };
		EC78E0122822DF1F00991AAE /* ViewController.swift */ = {isa = PBXFileReference; lastKnownFileType = sourcecode.swift; path = ViewController.swift; sourceTree = "<group>"; };
		EC78E0152822DF1F00991AAE /* Base */ = {isa = PBXFileReference; lastKnownFileType = file.storyboard; name = Base; path = Base.lproj/Main.storyboard; sourceTree = "<group>"; };
		EC78E0172822DF2000991AAE /* Assets.xcassets */ = {isa = PBXFileReference; lastKnownFileType = folder.assetcatalog; path = Assets.xcassets; sourceTree = "<group>"; };
		EC78E01A2822DF2000991AAE /* Base */ = {isa = PBXFileReference; lastKnownFileType = file.storyboard; name = Base; path = Base.lproj/LaunchScreen.storyboard; sourceTree = "<group>"; };
		EC78E01C2822DF2000991AAE /* Info.plist */ = {isa = PBXFileReference; lastKnownFileType = text.plist.xml; path = Info.plist; sourceTree = "<group>"; };
		EC78E0242822E85000991AAE /* CollectionViewData.swift */ = {isa = PBXFileReference; lastKnownFileType = sourcecode.swift; path = CollectionViewData.swift; sourceTree = "<group>"; };
		EC78E0262822ECA500991AAE /* CollectionViewCell.swift */ = {isa = PBXFileReference; lastKnownFileType = sourcecode.swift; path = CollectionViewCell.swift; sourceTree = "<group>"; };
		EC78E0282822ECB800991AAE /* TableViewCell.swift */ = {isa = PBXFileReference; lastKnownFileType = sourcecode.swift; path = TableViewCell.swift; sourceTree = "<group>"; };
		EC78E02B28232F7600991AAE /* TableViewData.swift */ = {isa = PBXFileReference; lastKnownFileType = sourcecode.swift; path = TableViewData.swift; sourceTree = "<group>"; };
/* End PBXFileReference section */

/* Begin PBXFrameworksBuildPhase section */
		EC78E0082822DF1F00991AAE /* Frameworks */ = {
			isa = PBXFrameworksBuildPhase;
			buildActionMask = 2147483647;
			files = (
			);
			runOnlyForDeploymentPostprocessing = 0;
		};
/* End PBXFrameworksBuildPhase section */

/* Begin PBXGroup section */
		EC78E0022822DF1F00991AAE = {
			isa = PBXGroup;
			children = (
				EC78E00D2822DF1F00991AAE /* CicekSepeti */,
				EC78E00C2822DF1F00991AAE /* Products */,
			);
			sourceTree = "<group>";
		};
		EC78E00C2822DF1F00991AAE /* Products */ = {
			isa = PBXGroup;
			children = (
				EC78E00B2822DF1F00991AAE /* CicekSepeti.app */,
			);
			name = Products;
			sourceTree = "<group>";
		};
		EC78E00D2822DF1F00991AAE /* CicekSepeti */ = {
			isa = PBXGroup;
			children = (
				EC78E00E2822DF1F00991AAE /* AppDelegate.swift */,
				EC78E0102822DF1F00991AAE /* SceneDelegate.swift */,
				EC78E0122822DF1F00991AAE /* ViewController.swift */,
				EC78E0242822E85000991AAE /* CollectionViewData.swift */,
				EC78E0142822DF1F00991AAE /* Main.storyboard */,
				EC78E0172822DF2000991AAE /* Assets.xcassets */,
				EC78E0192822DF2000991AAE /* LaunchScreen.storyboard */,
				EC78E01C2822DF2000991AAE /* Info.plist */,
				EC78E0262822ECA500991AAE /* CollectionViewCell.swift */,
				EC78E0282822ECB800991AAE /* TableViewCell.swift */,
				EC78E02B28232F7600991AAE /* TableViewData.swift */,
			);
			path = CicekSepeti;
			sourceTree = "<group>";
		};
/* End PBXGroup section */

/* Begin PBXNativeTarget section */
		EC78E00A2822DF1F00991AAE /* CicekSepeti */ = {
			isa = PBXNativeTarget;
			buildConfigurationList = EC78E01F2822DF2000991AAE /* Build configuration list for PBXNativeTarget "CicekSepeti" */;
			buildPhases = (
				EC78E0072822DF1F00991AAE /* Sources */,
				EC78E0082822DF1F00991AAE /* Frameworks */,
				EC78E0092822DF1F00991AAE /* Resources */,
			);
			buildRules = (
			);
			dependencies = (
			);
			name = CicekSepeti;
			productName = CicekSepeti;
			productReference = EC78E00B2822DF1F00991AAE /* CicekSepeti.app */;
			productType = "com.apple.product-type.application";
		};
/* End PBXNativeTarget section */

/* Begin PBXProject section */
		EC78E0032822DF1F00991AAE /* Project object */ = {
			isa = PBXProject;
			attributes = {
				BuildIndependentTargetsInParallel = 1;
				LastSwiftUpdateCheck = 1320;
				LastUpgradeCheck = 1320;
				TargetAttributes = {
					EC78E00A2822DF1F00991AAE = {
						CreatedOnToolsVersion = 13.2.1;
					};
				};
			};
			buildConfigurationList = EC78E0062822DF1F00991AAE /* Build configuration list for PBXProject "CicekSepeti" */;
			compatibilityVersion = "Xcode 13.0";
			developmentRegion = en;
			hasScannedForEncodings = 0;
			knownRegions = (
				en,
				Base,
			);
			mainGroup = EC78E0022822DF1F00991AAE;
			productRefGroup = EC78E00C2822DF1F00991AAE /* Products */;
			projectDirPath = "";
			projectRoot = "";
			targets = (
				EC78E00A2822DF1F00991AAE /* CicekSepeti */,
			);
		};
/* End PBXProject section */

/* Begin PBXResourcesBuildPhase section */
		EC78E0092822DF1F00991AAE /* Resources */ = {
			isa = PBXResourcesBuildPhase;
			buildActionMask = 2147483647;
			files = (
				EC78E01B2822DF2000991AAE /* LaunchScreen.storyboard in Resources */,
				EC78E0182822DF2000991AAE /* Assets.xcassets in Resources */,
				EC78E0162822DF1F00991AAE /* Main.storyboard in Resources */,
			);
			runOnlyForDeploymentPostprocessing = 0;
		};
/* End PBXResourcesBuildPhase section */

/* Begin PBXSourcesBuildPhase section */
		EC78E0072822DF1F00991AAE /* Sources */ = {
			isa = PBXSourcesBuildPhase;
			buildActionMask = 2147483647;
			files = (
				EC78E0272822ECA500991AAE /* CollectionViewCell.swift in Sources */,
				EC78E0252822E85000991AAE /* CollectionViewData.swift in Sources */,
				EC78E0132822DF1F00991AAE /* ViewController.swift in Sources */,
				EC78E0292822ECB800991AAE /* TableViewCell.swift in Sources */,
				EC78E02C28232F7600991AAE /* TableViewData.swift in Sources */,
				EC78E00F2822DF1F00991AAE /* AppDelegate.swift in Sources */,
				EC78E0112822DF1F00991AAE /* SceneDelegate.swift in Sources */,
			);
			runOnlyForDeploymentPostprocessing = 0;
		};
/* End PBXSourcesBuildPhase section */

/* Begin PBXVariantGroup section */
		EC78E0142822DF1F00991AAE /* Main.storyboard */ = {
			isa = PBXVariantGroup;
			children = (
				EC78E0152822DF1F00991AAE /* Base */,
			);
			name = Main.storyboard;
			sourceTree = "<group>";
		};
		EC78E0192822DF2000991AAE /* LaunchScreen.storyboard */ = {
			isa = PBXVariantGroup;
			children = (
				EC78E01A2822DF2000991AAE /* Base */,
			);
			name = LaunchScreen.storyboard;
			sourceTree = "<group>";
		};
/* End PBXVariantGroup section */

/* Begin XCBuildConfiguration section */
		EC78E01D2822DF2000991AAE /* Debug */ = {
			isa = XCBuildConfiguration;
			buildSettings = {
				ALWAYS_SEARCH_USER_PATHS = NO;
				CLANG_ANALYZER_NONNULL = YES;
				CLANG_ANALYZER_NUMBER_OBJECT_CONVERSION = YES_AGGRESSIVE;
				CLANG_CXX_LANGUAGE_STANDARD = "gnu++17";
				CLANG_CXX_LIBRARY = "libc++";
				CLANG_ENABLE_MODULES = YES;
				CLANG_ENABLE_OBJC_ARC = YES;
				CLANG_ENABLE_OBJC_WEAK = YES;
				CLANG_WARN_BLOCK_CAPTURE_AUTORELEASING = YES;
				CLANG_WARN_BOOL_CONVERSION = YES;
				CLANG_WARN_COMMA = YES;
				CLANG_WARN_CONSTANT_CONVERSION = YES;
				CLANG_WARN_DEPRECATED_OBJC_IMPLEMENTATIONS = YES;
				CLANG_WARN_DIRECT_OBJC_ISA_USAGE = YES_ERROR;
				CLANG_WARN_DOCUMENTATION_COMMENTS = YES;
				CLANG_WARN_EMPTY_BODY = YES;
				CLANG_WARN_ENUM_CONVERSION = YES;
				CLANG_WARN_INFINITE_RECURSION = YES;
				CLANG_WARN_INT_CONVERSION = YES;
				CLANG_WARN_NON_LITERAL_NULL_CONVERSION = YES;
				CLANG_WARN_OBJC_IMPLICIT_RETAIN_SELF = YES;
				CLANG_WARN_OBJC_LITERAL_CONVERSION = YES;
				CLANG_WARN_OBJC_ROOT_CLASS = YES_ERROR;
				CLANG_WARN_QUOTED_INCLUDE_IN_FRAMEWORK_HEADER = YES;
				CLANG_WARN_RANGE_LOOP_ANALYSIS = YES;
				CLANG_WARN_STRICT_PROTOTYPES = YES;
				CLANG_WARN_SUSPICIOUS_MOVE = YES;
				CLANG_WARN_UNGUARDED_AVAILABILITY = YES_AGGRESSIVE;
				CLANG_WARN_UNREACHABLE_CODE = YES;
				CLANG_WARN__DUPLICATE_METHOD_MATCH = YES;
				COPY_PHASE_STRIP = NO;
				DEBUG_INFORMATION_FORMAT = dwarf;
				ENABLE_STRICT_OBJC_MSGSEND = YES;
				ENABLE_TESTABILITY = YES;
				GCC_C_LANGUAGE_STANDARD = gnu11;
				GCC_DYNAMIC_NO_PIC = NO;
				GCC_NO_COMMON_BLOCKS = YES;
				GCC_OPTIMIZATION_LEVEL = 0;
				GCC_PREPROCESSOR_DEFINITIONS = (
					"DEBUG=1",
					"$(inherited)",
				);
				GCC_WARN_64_TO_32_BIT_CONVERSION = YES;
				GCC_WARN_ABOUT_RETURN_TYPE = YES_ERROR;
				GCC_WARN_UNDECLARED_SELECTOR = YES;
				GCC_WARN_UNINITIALIZED_AUTOS = YES_AGGRESSIVE;
				GCC_WARN_UNUSED_FUNCTION = YES;
				GCC_WARN_UNUSED_VARIABLE = YES;
				IPHONEOS_DEPLOYMENT_TARGET = 15.2;
				MTL_ENABLE_DEBUG_INFO = INCLUDE_SOURCE;
				MTL_FAST_MATH = YES;
				ONLY_ACTIVE_ARCH = YES;
				SDKROOT = iphoneos;
				SWIFT_ACTIVE_COMPILATION_CONDITIONS = DEBUG;
				SWIFT_OPTIMIZATION_LEVEL = "-Onone";
			};
			name = Debug;
		};
		EC78E01E2822DF2000991AAE /* Release */ = {
			isa = XCBuildConfiguration;
			buildSettings = {
				ALWAYS_SEARCH_USER_PATHS = NO;
				CLANG_ANALYZER_NONNULL = YES;
				CLANG_ANALYZER_NUMBER_OBJECT_CONVERSION = YES_AGGRESSIVE;
				CLANG_CXX_LANGUAGE_STANDARD = "gnu++17";
				CLANG_CXX_LIBRARY = "libc++";
				CLANG_ENABLE_MODULES = YES;
				CLANG_ENABLE_OBJC_ARC = YES;
				CLANG_ENABLE_OBJC_WEAK = YES;
				CLANG_WARN_BLOCK_CAPTURE_AUTORELEASING = YES;
				CLANG_WARN_BOOL_CONVERSION = YES;
				CLANG_WARN_COMMA = YES;
				CLANG_WARN_CONSTANT_CONVERSION = YES;
				CLANG_WARN_DEPRECATED_OBJC_IMPLEMENTATIONS = YES;
				CLANG_WARN_DIRECT_OBJC_ISA_USAGE = YES_ERROR;
				CLANG_WARN_DOCUMENTATION_COMMENTS = YES;
				CLANG_WARN_EMPTY_BODY = YES;
				CLANG_WARN_ENUM_CONVERSION = YES;
				CLANG_WARN_INFINITE_RECURSION = YES;
				CLANG_WARN_INT_CONVERSION = YES;
				CLANG_WARN_NON_LITERAL_NULL_CONVERSION = YES;
				CLANG_WARN_OBJC_IMPLICIT_RETAIN_SELF = YES;
				CLANG_WARN_OBJC_LITERAL_CONVERSION = YES;
				CLANG_WARN_OBJC_ROOT_CLASS = YES_ERROR;
				CLANG_WARN_QUOTED_INCLUDE_IN_FRAMEWORK_HEADER = YES;
				CLANG_WARN_RANGE_LOOP_ANALYSIS = YES;
				CLANG_WARN_STRICT_PROTOTYPES = YES;
				CLANG_WARN_SUSPICIOUS_MOVE = YES;
				CLANG_WARN_UNGUARDED_AVAILABILITY = YES_AGGRESSIVE;
				CLANG_WARN_UNREACHABLE_CODE = YES;
				CLANG_WARN__DUPLICATE_METHOD_MATCH = YES;
				COPY_PHASE_STRIP = NO;
				DEBUG_INFORMATION_FORMAT = "dwarf-with-dsym";
				ENABLE_NS_ASSERTIONS = NO;
				ENABLE_STRICT_OBJC_MSGSEND = YES;
				GCC_C_LANGUAGE_STANDARD = gnu11;
				GCC_NO_COMMON_BLOCKS = YES;
				GCC_WARN_64_TO_32_BIT_CONVERSION = YES;
				GCC_WARN_ABOUT_RETURN_TYPE = YES_ERROR;
				GCC_WARN_UNDECLARED_SELECTOR = YES;
				GCC_WARN_UNINITIALIZED_AUTOS = YES_AGGRESSIVE;
				GCC_WARN_UNUSED_FUNCTION = YES;
				GCC_WARN_UNUSED_VARIABLE = YES;
				IPHONEOS_DEPLOYMENT_TARGET = 15.2;
				MTL_ENABLE_DEBUG_INFO = NO;
				MTL_FAST_MATH = YES;
				SDKROOT = iphoneos;
				SWIFT_COMPILATION_MODE = wholemodule;
				SWIFT_OPTIMIZATION_LEVEL = "-O";
				VALIDATE_PRODUCT = YES;
			};
			name = Release;
		};
		EC78E0202822DF2000991AAE /* Debug */ = {
			isa = XCBuildConfiguration;
			buildSettings = {
				ASSETCATALOG_COMPILER_APPICON_NAME = AppIcon;
				ASSETCATALOG_COMPILER_GLOBAL_ACCENT_COLOR_NAME = AccentColor;
				CODE_SIGN_STYLE = Automatic;
				CURRENT_PROJECT_VERSION = 1;
				DEVELOPMENT_TEAM = XB78NA6QB9;
				GENERATE_INFOPLIST_FILE = YES;
				INFOPLIST_FILE = CicekSepeti/Info.plist;
				INFOPLIST_KEY_UIApplicationSupportsIndirectInputEvents = YES;
				INFOPLIST_KEY_UILaunchStoryboardName = LaunchScreen;
				INFOPLIST_KEY_UIMainStoryboardFile = Main;
				INFOPLIST_KEY_UISupportedInterfaceOrientations_iPad = "UIInterfaceOrientationPortrait UIInterfaceOrientationPortraitUpsideDown UIInterfaceOrientationLandscapeLeft UIInterfaceOrientationLandscapeRight";
				INFOPLIST_KEY_UISupportedInterfaceOrientations_iPhone = "UIInterfaceOrientationPortrait UIInterfaceOrientationLandscapeLeft UIInterfaceOrientationLandscapeRight";
				LD_RUNPATH_SEARCH_PATHS = (
					"$(inherited)",
					"@executable_path/Frameworks",
				);
				MARKETING_VERSION = 1.0;
				PRODUCT_BUNDLE_IDENTIFIER = co.ayrisgurbulak.CicekSepeti;
				PRODUCT_NAME = "$(TARGET_NAME)";
				SWIFT_EMIT_LOC_STRINGS = YES;
				SWIFT_VERSION = 5.0;
				TARGETED_DEVICE_FAMILY = "1,2";
			};
			name = Debug;
		};
		EC78E0212822DF2000991AAE /* Release */ = {
			isa = XCBuildConfiguration;
			buildSettings = {
				ASSETCATALOG_COMPILER_APPICON_NAME = AppIcon;
				ASSETCATALOG_COMPILER_GLOBAL_ACCENT_COLOR_NAME = AccentColor;
				CODE_SIGN_STYLE = Automatic;
				CURRENT_PROJECT_VERSION = 1;
				DEVELOPMENT_TEAM = XB78NA6QB9;
				GENERATE_INFOPLIST_FILE = YES;
				INFOPLIST_FILE = CicekSepeti/Info.plist;
				INFOPLIST_KEY_UIApplicationSupportsIndirectInputEvents = YES;
				INFOPLIST_KEY_UILaunchStoryboardName = LaunchScreen;
				INFOPLIST_KEY_UIMainStoryboardFile = Main;
				INFOPLIST_KEY_UISupportedInterfaceOrientations_iPad = "UIInterfaceOrientationPortrait UIInterfaceOrientationPortraitUpsideDown UIInterfaceOrientationLandscapeLeft UIInterfaceOrientationLandscapeRight";
				INFOPLIST_KEY_UISupportedInterfaceOrientations_iPhone = "UIInterfaceOrientationPortrait UIInterfaceOrientationLandscapeLeft UIInterfaceOrientationLandscapeRight";
				LD_RUNPATH_SEARCH_PATHS = (
					"$(inherited)",
					"@executable_path/Frameworks",
				);
				MARKETING_VERSION = 1.0;
				PRODUCT_BUNDLE_IDENTIFIER = co.ayrisgurbulak.CicekSepeti;
				PRODUCT_NAME = "$(TARGET_NAME)";
				SWIFT_EMIT_LOC_STRINGS = YES;
				SWIFT_VERSION = 5.0;
				TARGETED_DEVICE_FAMILY = "1,2";
			};
			name = Release;
		};
/* End XCBuildConfiguration section */

/* Begin XCConfigurationList section */
		EC78E0062822DF1F00991AAE /* Build configuration list for PBXProject "CicekSepeti" */ = {
			isa = XCConfigurationList;
			buildConfigurations = (
				EC78E01D2822DF2000991AAE /* Debug */,
				EC78E01E2822DF2000991AAE /* Release */,
			);
			defaultConfigurationIsVisible = 0;
			defaultConfigurationName = Release;
		};
		EC78E01F2822DF2000991AAE /* Build configuration list for PBXNativeTarget "CicekSepeti" */ = {
			isa = XCConfigurationList;
			buildConfigurations = (
				EC78E0202822DF2000991AAE /* Debug */,
				EC78E0212822DF2000991AAE /* Release */,
			);
			defaultConfigurationIsVisible = 0;
			defaultConfigurationName = Release;
		};
/* End XCConfigurationList section */
	};
	rootObject = EC78E0032822DF1F00991AAE /* Project object */;
}
